
Microsoft Visual Studio Solution File, Format Version 12.00
# Visual Studio 15
VisualStudioVersion = 15.0.28010.0
MinimumVisualStudioVersion = 10.0.40219.1
Project("{2150E333-8FDC-42A3-9474-1A3956D46DE8}") = "src", "src", "{E52B2B80-A5FE-4DCE-BBE5-43484CB55A1E}"
EndProject
Project("{2150E333-8FDC-42A3-9474-1A3956D46DE8}") = "test", "test", "{047B7DA1-B05A-4023-BEDF-2281ED02CA59}"
EndProject
Project("{9A19103F-16F7-4668-BE54-9A1E7A4F7556}") = "OGSCorporation.TeamService", "OGSCorporation.TeamService\OGSCorporation.TeamService.csproj", "{E8D64129-1674-45BD-936F-370DF5E6CC29}"
EndProject
Project("{9A19103F-16F7-4668-BE54-9A1E7A4F7556}") = "OGSCorporation.TeamService.Tests", "OGSCorporation.TeamService.Tests\OGSCorporation.TeamService.Tests.csproj", "{ED95BFEE-FD84-4AF5-A613-A4A366D2C8D0}"
EndProject
Project("{2150E333-8FDC-42A3-9474-1A3956D46DE8}") = "solution", "solution", "{1245CCE5-573D-4E20-9D1F-110F6D0CE252}"
EndProject
Global
	GlobalSection(SolutionConfigurationPlatforms) = preSolution
		Debug|Any CPU = Debug|Any CPU
		Release|Any CPU = Release|Any CPU
	EndGlobalSection
	GlobalSection(ProjectConfigurationPlatforms) = postSolution
		{E8D64129-1674-45BD-936F-370DF5E6CC29}.Debug|Any CPU.ActiveCfg = Debug|Any CPU
		{E8D64129-1674-45BD-936F-370DF5E6CC29}.Debug|Any CPU.Build.0 = Debug|Any CPU
		{E8D64129-1674-45BD-936F-370DF5E6CC29}.Release|Any CPU.ActiveCfg = Release|Any CPU
		{E8D64129-1674-45BD-936F-370DF5E6CC29}.Release|Any CPU.Build.0 = Release|Any CPU
		{ED95BFEE-FD84-4AF5-A613-A4A366D2C8D0}.Debug|Any CPU.ActiveCfg = Debug|Any CPU
		{ED95BFEE-FD84-4AF5-A613-A4A366D2C8D0}.Debug|Any CPU.Build.0 = Debug|Any CPU
		{ED95BFEE-FD84-4AF5-A613-A4A366D2C8D0}.Release|Any CPU.ActiveCfg = Release|Any CPU
		{ED95BFEE-FD84-4AF5-A613-A4A366D2C8D0}.Release|Any CPU.Build.0 = Release|Any CPU
	EndGlobalSection
	GlobalSection(SolutionProperties) = preSolution
		HideSolutionNode = FALSE
	EndGlobalSection
	GlobalSection(NestedProjects) = preSolution
		{E8D64129-1674-45BD-936F-370DF5E6CC29} = {E52B2B80-A5FE-4DCE-BBE5-43484CB55A1E}
		{ED95BFEE-FD84-4AF5-A613-A4A366D2C8D0} = {047B7DA1-B05A-4023-BEDF-2281ED02CA59}
	EndGlobalSection
	GlobalSection(ExtensibilityGlobals) = postSolution
		SolutionGuid = {0A0984B3-D1D6-4326-A4BA-8E52C0351CAA}
	EndGlobalSection
EndGlobal
